
Microsoft Visual Studio Solution File, Format Version 12.00
# Visual Studio Version 16
VisualStudioVersion = 16.0.30114.105
MinimumVisualStudioVersion = 10.0.40219.1
Project("{FAE04EC0-301F-11D3-BF4B-00C04F79EFBC}") = "R5T.Solutas.Base", "R5T.Solutas.Base\R5T.Solutas.Base.csproj", "{FB555057-97A4-429C-A1C2-00E0BF3AA44F}"
EndProject
Project("{FAE04EC0-301F-11D3-BF4B-00C04F79EFBC}") = "R5T.Solutas.Base.Construction", "R5T.Solutas.Base.Construction\R5T.Solutas.Base.Construction.csproj", "{48C6C606-E411-412D-B2B8-13363D8D193D}"
EndProject
Global
	GlobalSection(SolutionConfigurationPlatforms) = preSolution
		Debug|Any CPU = Debug|Any CPU
		Debug|x64 = Debug|x64
		Debug|x86 = Debug|x86
		Release|Any CPU = Release|Any CPU
		Release|x64 = Release|x64
		Release|x86 = Release|x86
	EndGlobalSection
	GlobalSection(SolutionProperties) = preSolution
		HideSolutionNode = FALSE
	EndGlobalSection
	GlobalSection(ProjectConfigurationPlatforms) = postSolution
		{FB555057-97A4-429C-A1C2-00E0BF3AA44F}.Debug|Any CPU.ActiveCfg = Debug|Any CPU
		{FB555057-97A4-429C-A1C2-00E0BF3AA44F}.Debug|Any CPU.Build.0 = Debug|Any CPU
		{FB555057-97A4-429C-A1C2-00E0BF3AA44F}.Debug|x64.ActiveCfg = Debug|Any CPU
		{FB555057-97A4-429C-A1C2-00E0BF3AA44F}.Debug|x64.Build.0 = Debug|Any CPU
		{FB555057-97A4-429C-A1C2-00E0BF3AA44F}.Debug|x86.ActiveCfg = Debug|Any CPU
		{FB555057-97A4-429C-A1C2-00E0BF3AA44F}.Debug|x86.Build.0 = Debug|Any CPU
		{FB555057-97A4-429C-A1C2-00E0BF3AA44F}.Release|Any CPU.ActiveCfg = Release|Any CPU
		{FB555057-97A4-429C-A1C2-00E0BF3AA44F}.Release|Any CPU.Build.0 = Release|Any CPU
		{FB555057-97A4-429C-A1C2-00E0BF3AA44F}.Release|x64.ActiveCfg = Release|Any CPU
		{FB555057-97A4-429C-A1C2-00E0BF3AA44F}.Release|x64.Build.0 = Release|Any CPU
		{FB555057-97A4-429C-A1C2-00E0BF3AA44F}.Release|x86.ActiveCfg = Release|Any CPU
		{FB555057-97A4-429C-A1C2-00E0BF3AA44F}.Release|x86.Build.0 = Release|Any CPU
		{48C6C606-E411-412D-B2B8-13363D8D193D}.Debug|Any CPU.ActiveCfg = Debug|Any CPU
		{48C6C606-E411-412D-B2B8-13363D8D193D}.Debug|Any CPU.Build.0 = Debug|Any CPU
		{48C6C606-E411-412D-B2B8-13363D8D193D}.Debug|x64.ActiveCfg = Debug|Any CPU
		{48C6C606-E411-412D-B2B8-13363D8D193D}.Debug|x64.Build.0 = Debug|Any CPU
		{48C6C606-E411-412D-B2B8-13363D8D193D}.Debug|x86.ActiveCfg = Debug|Any CPU
		{48C6C606-E411-412D-B2B8-13363D8D193D}.Debug|x86.Build.0 = Debug|Any CPU
		{48C6C606-E411-412D-B2B8-13363D8D193D}.Release|Any CPU.ActiveCfg = Release|Any CPU
		{48C6C606-E411-412D-B2B8-13363D8D193D}.Release|Any CPU.Build.0 = Release|Any CPU
		{48C6C606-E411-412D-B2B8-13363D8D193D}.Release|x64.ActiveCfg = Release|Any CPU
		{48C6C606-E411-412D-B2B8-13363D8D193D}.Release|x64.Build.0 = Release|Any CPU
		{48C6C606-E411-412D-B2B8-13363D8D193D}.Release|x86.ActiveCfg = Release|Any CPU
		{48C6C606-E411-412D-B2B8-13363D8D193D}.Release|x86.Build.0 = Release|Any CPU
	EndGlobalSection
EndGlobal
